
Microsoft Visual Studio Solution File, Format Version 12.00
# Visual Studio 15
VisualStudioVersion = 15.0.27004.2010
MinimumVisualStudioVersion = 10.0.40219.1
Project("{8BC9CEB8-8B4A-11D0-8D11-00A0C91BC942}") = "MortonJ_Lab07", "MortonJ_Lab07.vcxproj", "{9798D62F-6E6B-4646-A414-6C17D200756D}"
EndProject
Global
	GlobalSection(SolutionConfigurationPlatforms) = preSolution
		Debug|x64 = Debug|x64
		Debug|x86 = Debug|x86
		Release|x64 = Release|x64
		Release|x86 = Release|x86
	EndGlobalSection
	GlobalSection(ProjectConfigurationPlatforms) = postSolution
		{9798D62F-6E6B-4646-A414-6C17D200756D}.Debug|x64.ActiveCfg = Debug|x64
		{9798D62F-6E6B-4646-A414-6C17D200756D}.Debug|x64.Build.0 = Debug|x64
		{9798D62F-6E6B-4646-A414-6C17D200756D}.Debug|x86.ActiveCfg = Debug|Win32
		{9798D62F-6E6B-4646-A414-6C17D200756D}.Debug|x86.Build.0 = Debug|Win32
		{9798D62F-6E6B-4646-A414-6C17D200756D}.Release|x64.ActiveCfg = Release|x64
		{9798D62F-6E6B-4646-A414-6C17D200756D}.Release|x64.Build.0 = Release|x64
		{9798D62F-6E6B-4646-A414-6C17D200756D}.Release|x86.ActiveCfg = Release|Win32
		{9798D62F-6E6B-4646-A414-6C17D200756D}.Release|x86.Build.0 = Release|Win32
	EndGlobalSection
	GlobalSection(SolutionProperties) = preSolution
		HideSolutionNode = FALSE
	EndGlobalSection
	GlobalSection(ExtensibilityGlobals) = postSolution
		SolutionGuid = {24BB22C2-4A9A-4B1B-8AA1-1EEC0EEF24E3}
	EndGlobalSection
EndGlobal
